
Microsoft Visual Studio Solution File, Format Version 9.00
# Visual Studio 2005
Project("{FAE04EC0-301F-11D3-BF4B-00C04F79EFBC}") = "Example1", "Example1\Example1.csproj", "{00DACFF0-B7DC-447D-BE36-CF4325B7018F}"
	ProjectSection(WebsiteProperties) = preProject
		Debug.AspNetCompiler.Debug = "True"
		Release.AspNetCompiler.Debug = "False"
	EndProjectSection
EndProject
Global
	GlobalSection(SolutionConfigurationPlatforms) = preSolution
		Debug|Any CPU = Debug|Any CPU
		Release|Any CPU = Release|Any CPU
	EndGlobalSection
	GlobalSection(ProjectConfigurationPlatforms) = postSolution
		{00DACFF0-B7DC-447D-BE36-CF4325B7018F}.Debug|Any CPU.ActiveCfg = Debug|Any CPU
		{00DACFF0-B7DC-447D-BE36-CF4325B7018F}.Debug|Any CPU.Build.0 = Debug|Any CPU
		{00DACFF0-B7DC-447D-BE36-CF4325B7018F}.Release|Any CPU.ActiveCfg = Release|Any CPU
		{00DACFF0-B7DC-447D-BE36-CF4325B7018F}.Release|Any CPU.Build.0 = Release|Any CPU
	EndGlobalSection
	GlobalSection(SolutionProperties) = preSolution
		HideSolutionNode = FALSE
	EndGlobalSection
EndGlobal
